
Microsoft Visual Studio Solution File, Format Version 12.00
# Visual Studio Version 17
VisualStudioVersion = 17.9.34728.123
MinimumVisualStudioVersion = 10.0.40219.1
Project("{FAE04EC0-301F-11D3-BF4B-00C04F79EFBC}") = "TSD2491-oblig1-245632", "TSD2491-oblig1-245632.csproj", "{E6F2CFBD-7532-46C8-8BEB-644191700883}"
EndProject
Global
	GlobalSection(SolutionConfigurationPlatforms) = preSolution
		Debug|Any CPU = Debug|Any CPU
		Release|Any CPU = Release|Any CPU
	EndGlobalSection
	GlobalSection(ProjectConfigurationPlatforms) = postSolution
		{E6F2CFBD-7532-46C8-8BEB-644191700883}.Debug|Any CPU.ActiveCfg = Debug|Any CPU
		{E6F2CFBD-7532-46C8-8BEB-644191700883}.Debug|Any CPU.Build.0 = Debug|Any CPU
		{E6F2CFBD-7532-46C8-8BEB-644191700883}.Release|Any CPU.ActiveCfg = Release|Any CPU
		{E6F2CFBD-7532-46C8-8BEB-644191700883}.Release|Any CPU.Build.0 = Release|Any CPU
	EndGlobalSection
	GlobalSection(SolutionProperties) = preSolution
		HideSolutionNode = FALSE
	EndGlobalSection
	GlobalSection(ExtensibilityGlobals) = postSolution
		SolutionGuid = {28460616-6CB9-4091-BE56-3328399B3975}
	EndGlobalSection
EndGlobal
